// !$*UTF8*$!
{
	archiveVersion = 1;
	classes = {
	};
	objectVersion = 50;
	objects = {

/* Begin PBXBuildFile section */
		8E75C6B522D28C9500F20011 /* AppDelegate.swift in Sources */ = {isa = PBXBuildFile; fileRef = 8E75C6B422D28C9500F20011 /* AppDelegate.swift */; };
		8E75C6B722D28C9500F20011 /* SceneDelegate.swift in Sources */ = {isa = PBXBuildFile; fileRef = 8E75C6B622D28C9500F20011 /* SceneDelegate.swift */; };
		8E75C6B922D28C9500F20011 /* LibraryView.swift in Sources */ = {isa = PBXBuildFile; fileRef = 8E75C6B822D28C9500F20011 /* LibraryView.swift */; };
		8E75C6BB22D28C9A00F20011 /* Assets.xcassets in Resources */ = {isa = PBXBuildFile; fileRef = 8E75C6BA22D28C9A00F20011 /* Assets.xcassets */; };
		8E75C6BE22D28C9A00F20011 /* Preview Assets.xcassets in Resources */ = {isa = PBXBuildFile; fileRef = 8E75C6BD22D28C9A00F20011 /* Preview Assets.xcassets */; };
		8E75C6C122D28C9A00F20011 /* LaunchScreen.storyboard in Resources */ = {isa = PBXBuildFile; fileRef = 8E75C6BF22D28C9A00F20011 /* LaunchScreen.storyboard */; };
		8E75C6CC22D28C9A00F20011 /* BookLibraryTests.swift in Sources */ = {isa = PBXBuildFile; fileRef = 8E75C6CB22D28C9A00F20011 /* BookLibraryTests.swift */; };
		8E75C6D722D28CB800F20011 /* Book.swift in Sources */ = {isa = PBXBuildFile; fileRef = 8E75C6D622D28CB800F20011 /* Book.swift */; };
		8E75C6D922D28D0400F20011 /* LibraryViewModel.swift in Sources */ = {isa = PBXBuildFile; fileRef = 8E75C6D822D28D0400F20011 /* LibraryViewModel.swift */; };
		8E75C6DF22D2911400F20011 /* BookView.swift in Sources */ = {isa = PBXBuildFile; fileRef = 8E75C6DE22D2911400F20011 /* BookView.swift */; };
/* End PBXBuildFile section */

/* Begin PBXContainerItemProxy section */
		8E75C6C822D28C9A00F20011 /* PBXContainerItemProxy */ = {
			isa = PBXContainerItemProxy;
			containerPortal = 8E75C6A922D28C9500F20011 /* Project object */;
			proxyType = 1;
			remoteGlobalIDString = 8E75C6B022D28C9500F20011;
			remoteInfo = BookLibrary;
		};
/* End PBXContainerItemProxy section */

/* Begin PBXFileReference section */
		8E75C6B122D28C9500F20011 /* BookLibrary.app */ = {isa = PBXFileReference; explicitFileType = wrapper.application; includeInIndex = 0; path = BookLibrary.app; sourceTree = BUILT_PRODUCTS_DIR; };
		8E75C6B422D28C9500F20011 /* AppDelegate.swift */ = {isa = PBXFileReference; lastKnownFileType = sourcecode.swift; path = AppDelegate.swift; sourceTree = "<group>"; };
		8E75C6B622D28C9500F20011 /* SceneDelegate.swift */ = {isa = PBXFileReference; lastKnownFileType = sourcecode.swift; path = SceneDelegate.swift; sourceTree = "<group>"; };
		8E75C6B822D28C9500F20011 /* LibraryView.swift */ = {isa = PBXFileReference; lastKnownFileType = sourcecode.swift; path = LibraryView.swift; sourceTree = "<group>"; };
		8E75C6BA22D28C9A00F20011 /* Assets.xcassets */ = {isa = PBXFileReference; lastKnownFileType = folder.assetcatalog; path = Assets.xcassets; sourceTree = "<group>"; };
		8E75C6BD22D28C9A00F20011 /* Preview Assets.xcassets */ = {isa = PBXFileReference; lastKnownFileType = folder.assetcatalog; path = "Preview Assets.xcassets"; sourceTree = "<group>"; };
		8E75C6C022D28C9A00F20011 /* Base */ = {isa = PBXFileReference; lastKnownFileType = file.storyboard; name = Base; path = Base.lproj/LaunchScreen.storyboard; sourceTree = "<group>"; };
		8E75C6C222D28C9A00F20011 /* Info.plist */ = {isa = PBXFileReference; lastKnownFileType = text.plist.xml; path = Info.plist; sourceTree = "<group>"; };
		8E75C6C722D28C9A00F20011 /* BookLibraryTests.xctest */ = {isa = PBXFileReference; explicitFileType = wrapper.cfbundle; includeInIndex = 0; path = BookLibraryTests.xctest; sourceTree = BUILT_PRODUCTS_DIR; };
		8E75C6CB22D28C9A00F20011 /* BookLibraryTests.swift */ = {isa = PBXFileReference; lastKnownFileType = sourcecode.swift; path = BookLibraryTests.swift; sourceTree = "<group>"; };
		8E75C6CD22D28C9A00F20011 /* Info.plist */ = {isa = PBXFileReference; lastKnownFileType = text.plist.xml; path = Info.plist; sourceTree = "<group>"; };
		8E75C6D622D28CB800F20011 /* Book.swift */ = {isa = PBXFileReference; lastKnownFileType = sourcecode.swift; path = Book.swift; sourceTree = "<group>"; };
		8E75C6D822D28D0400F20011 /* LibraryViewModel.swift */ = {isa = PBXFileReference; lastKnownFileType = sourcecode.swift; path = LibraryViewModel.swift; sourceTree = "<group>"; };
		8E75C6DE22D2911400F20011 /* BookView.swift */ = {isa = PBXFileReference; lastKnownFileType = sourcecode.swift; path = BookView.swift; sourceTree = "<group>"; };
/* End PBXFileReference section */

/* Begin PBXFrameworksBuildPhase section */
		8E75C6AE22D28C9500F20011 /* Frameworks */ = {
			isa = PBXFrameworksBuildPhase;
			buildActionMask = 2147483647;
			files = (
			);
			runOnlyForDeploymentPostprocessing = 0;
		};
		8E75C6C422D28C9A00F20011 /* Frameworks */ = {
			isa = PBXFrameworksBuildPhase;
			buildActionMask = 2147483647;
			files = (
			);
			runOnlyForDeploymentPostprocessing = 0;
		};
/* End PBXFrameworksBuildPhase section */

/* Begin PBXGroup section */
		8E75C6A822D28C9500F20011 = {
			isa = PBXGroup;
			children = (
				8E75C6B322D28C9500F20011 /* BookLibrary */,
				8E75C6CA22D28C9A00F20011 /* BookLibraryTests */,
				8E75C6B222D28C9500F20011 /* Products */,
			);
			sourceTree = "<group>";
		};
		8E75C6B222D28C9500F20011 /* Products */ = {
			isa = PBXGroup;
			children = (
				8E75C6B122D28C9500F20011 /* BookLibrary.app */,
				8E75C6C722D28C9A00F20011 /* BookLibraryTests.xctest */,
			);
			name = Products;
			sourceTree = "<group>";
		};
		8E75C6B322D28C9500F20011 /* BookLibrary */ = {
			isa = PBXGroup;
			children = (
				8E75C6B422D28C9500F20011 /* AppDelegate.swift */,
				8E75C6B622D28C9500F20011 /* SceneDelegate.swift */,
				8E75C6DA22D2905E00F20011 /* Library */,
				8E75C6DB22D2906B00F20011 /* Book Detail */,
				8E75C6D622D28CB800F20011 /* Book.swift */,
				8E75C6BA22D28C9A00F20011 /* Assets.xcassets */,
				8E75C6BF22D28C9A00F20011 /* LaunchScreen.storyboard */,
				8E75C6C222D28C9A00F20011 /* Info.plist */,
				8E75C6BC22D28C9A00F20011 /* Preview Content */,
			);
			path = BookLibrary;
			sourceTree = "<group>";
		};
		8E75C6BC22D28C9A00F20011 /* Preview Content */ = {
			isa = PBXGroup;
			children = (
				8E75C6BD22D28C9A00F20011 /* Preview Assets.xcassets */,
			);
			path = "Preview Content";
			sourceTree = "<group>";
		};
		8E75C6CA22D28C9A00F20011 /* BookLibraryTests */ = {
			isa = PBXGroup;
			children = (
				8E75C6CB22D28C9A00F20011 /* BookLibraryTests.swift */,
				8E75C6CD22D28C9A00F20011 /* Info.plist */,
			);
			path = BookLibraryTests;
			sourceTree = "<group>";
		};
		8E75C6DA22D2905E00F20011 /* Library */ = {
			isa = PBXGroup;
			children = (
				8E75C6B822D28C9500F20011 /* LibraryView.swift */,
				8E75C6D822D28D0400F20011 /* LibraryViewModel.swift */,
			);
			path = Library;
			sourceTree = "<group>";
		};
		8E75C6DB22D2906B00F20011 /* Book Detail */ = {
			isa = PBXGroup;
			children = (
				8E75C6DE22D2911400F20011 /* BookView.swift */,
			);
			path = "Book Detail";
			sourceTree = "<group>";
		};
/* End PBXGroup section */

/* Begin PBXNativeTarget section */
		8E75C6B022D28C9500F20011 /* BookLibrary */ = {
			isa = PBXNativeTarget;
			buildConfigurationList = 8E75C6D022D28C9A00F20011 /* Build configuration list for PBXNativeTarget "BookLibrary" */;
			buildPhases = (
				8E75C6AD22D28C9500F20011 /* Sources */,
				8E75C6AE22D28C9500F20011 /* Frameworks */,
				8E75C6AF22D28C9500F20011 /* Resources */,
			);
			buildRules = (
			);
			dependencies = (
			);
			name = BookLibrary;
			productName = BookLibrary;
			productReference = 8E75C6B122D28C9500F20011 /* BookLibrary.app */;
			productType = "com.apple.product-type.application";
		};
		8E75C6C622D28C9A00F20011 /* BookLibraryTests */ = {
			isa = PBXNativeTarget;
			buildConfigurationList = 8E75C6D322D28C9A00F20011 /* Build configuration list for PBXNativeTarget "BookLibraryTests" */;
			buildPhases = (
				8E75C6C322D28C9A00F20011 /* Sources */,
				8E75C6C422D28C9A00F20011 /* Frameworks */,
				8E75C6C522D28C9A00F20011 /* Resources */,
			);
			buildRules = (
			);
			dependencies = (
				8E75C6C922D28C9A00F20011 /* PBXTargetDependency */,
			);
			name = BookLibraryTests;
			productName = BookLibraryTests;
			productReference = 8E75C6C722D28C9A00F20011 /* BookLibraryTests.xctest */;
			productType = "com.apple.product-type.bundle.unit-test";
		};
/* End PBXNativeTarget section */

/* Begin PBXProject section */
		8E75C6A922D28C9500F20011 /* Project object */ = {
			isa = PBXProject;
			attributes = {
				LastSwiftUpdateCheck = 1100;
				LastUpgradeCheck = 1100;
				ORGANIZATIONNAME = "Thibault Klein";
				TargetAttributes = {
					8E75C6B022D28C9500F20011 = {
						CreatedOnToolsVersion = 11.0;
					};
					8E75C6C622D28C9A00F20011 = {
						CreatedOnToolsVersion = 11.0;
						TestTargetID = 8E75C6B022D28C9500F20011;
					};
				};
			};
			buildConfigurationList = 8E75C6AC22D28C9500F20011 /* Build configuration list for PBXProject "BookLibrary" */;
			compatibilityVersion = "Xcode 9.3";
			developmentRegion = en;
			hasScannedForEncodings = 0;
			knownRegions = (
				en,
				Base,
			);
			mainGroup = 8E75C6A822D28C9500F20011;
			productRefGroup = 8E75C6B222D28C9500F20011 /* Products */;
			projectDirPath = "";
			projectRoot = "";
			targets = (
				8E75C6B022D28C9500F20011 /* BookLibrary */,
				8E75C6C622D28C9A00F20011 /* BookLibraryTests */,
			);
		};
/* End PBXProject section */

/* Begin PBXResourcesBuildPhase section */
		8E75C6AF22D28C9500F20011 /* Resources */ = {
			isa = PBXResourcesBuildPhase;
			buildActionMask = 2147483647;
			files = (
				8E75C6C122D28C9A00F20011 /* LaunchScreen.storyboard in Resources */,
				8E75C6BE22D28C9A00F20011 /* Preview Assets.xcassets in Resources */,
				8E75C6BB22D28C9A00F20011 /* Assets.xcassets in Resources */,
			);
			runOnlyForDeploymentPostprocessing = 0;
		};
		8E75C6C522D28C9A00F20011 /* Resources */ = {
			isa = PBXResourcesBuildPhase;
			buildActionMask = 2147483647;
			files = (
			);
			runOnlyForDeploymentPostprocessing = 0;
		};
/* End PBXResourcesBuildPhase section */

/* Begin PBXSourcesBuildPhase section */
		8E75C6AD22D28C9500F20011 /* Sources */ = {
			isa = PBXSourcesBuildPhase;
			buildActionMask = 2147483647;
			files = (
				8E75C6D722D28CB800F20011 /* Book.swift in Sources */,
				8E75C6B522D28C9500F20011 /* AppDelegate.swift in Sources */,
				8E75C6B722D28C9500F20011 /* SceneDelegate.swift in Sources */,
				8E75C6DF22D2911400F20011 /* BookView.swift in Sources */,
				8E75C6D922D28D0400F20011 /* LibraryViewModel.swift in Sources */,
				8E75C6B922D28C9500F20011 /* LibraryView.swift in Sources */,
			);
			runOnlyForDeploymentPostprocessing = 0;
		};
		8E75C6C322D28C9A00F20011 /* Sources */ = {
			isa = PBXSourcesBuildPhase;
			buildActionMask = 2147483647;
			files = (
				8E75C6CC22D28C9A00F20011 /* BookLibraryTests.swift in Sources */,
			);
			runOnlyForDeploymentPostprocessing = 0;
		};
/* End PBXSourcesBuildPhase section */

/* Begin PBXTargetDependency section */
		8E75C6C922D28C9A00F20011 /* PBXTargetDependency */ = {
			isa = PBXTargetDependency;
			target = 8E75C6B022D28C9500F20011 /* BookLibrary */;
			targetProxy = 8E75C6C822D28C9A00F20011 /* PBXContainerItemProxy */;
		};
/* End PBXTargetDependency section */

/* Begin PBXVariantGroup section */
		8E75C6BF22D28C9A00F20011 /* LaunchScreen.storyboard */ = {
			isa = PBXVariantGroup;
			children = (
				8E75C6C022D28C9A00F20011 /* Base */,
			);
			name = LaunchScreen.storyboard;
			sourceTree = "<group>";
		};
/* End PBXVariantGroup section */

/* Begin XCBuildConfiguration section */
		8E75C6CE22D28C9A00F20011 /* Debug */ = {
			isa = XCBuildConfiguration;
			buildSettings = {
				ALWAYS_SEARCH_USER_PATHS = NO;
				CLANG_ANALYZER_NONNULL = YES;
				CLANG_ANALYZER_NUMBER_OBJECT_CONVERSION = YES_AGGRESSIVE;
				CLANG_CXX_LANGUAGE_STANDARD = "gnu++14";
				CLANG_CXX_LIBRARY = "libc++";
				CLANG_ENABLE_MODULES = YES;
				CLANG_ENABLE_OBJC_ARC = YES;
				CLANG_ENABLE_OBJC_WEAK = YES;
				CLANG_WARN_BLOCK_CAPTURE_AUTORELEASING = YES;
				CLANG_WARN_BOOL_CONVERSION = YES;
				CLANG_WARN_COMMA = YES;
				CLANG_WARN_CONSTANT_CONVERSION = YES;
				CLANG_WARN_DEPRECATED_OBJC_IMPLEMENTATIONS = YES;
				CLANG_WARN_DIRECT_OBJC_ISA_USAGE = YES_ERROR;
				CLANG_WARN_DOCUMENTATION_COMMENTS = YES;
				CLANG_WARN_EMPTY_BODY = YES;
				CLANG_WARN_ENUM_CONVERSION = YES;
				CLANG_WARN_INFINITE_RECURSION = YES;
				CLANG_WARN_INT_CONVERSION = YES;
				CLANG_WARN_NON_LITERAL_NULL_CONVERSION = YES;
				CLANG_WARN_OBJC_IMPLICIT_RETAIN_SELF = YES;
				CLANG_WARN_OBJC_LITERAL_CONVERSION = YES;
				CLANG_WARN_OBJC_ROOT_CLASS = YES_ERROR;
				CLANG_WARN_RANGE_LOOP_ANALYSIS = YES;
				CLANG_WARN_STRICT_PROTOTYPES = YES;
				CLANG_WARN_SUSPICIOUS_MOVE = YES;
				CLANG_WARN_UNGUARDED_AVAILABILITY = YES_AGGRESSIVE;
				CLANG_WARN_UNREACHABLE_CODE = YES;
				CLANG_WARN__DUPLICATE_METHOD_MATCH = YES;
				COPY_PHASE_STRIP = NO;
				DEBUG_INFORMATION_FORMAT = dwarf;
				ENABLE_STRICT_OBJC_MSGSEND = YES;
				ENABLE_TESTABILITY = YES;
				GCC_C_LANGUAGE_STANDARD = gnu11;
				GCC_DYNAMIC_NO_PIC = NO;
				GCC_NO_COMMON_BLOCKS = YES;
				GCC_OPTIMIZATION_LEVEL = 0;
				GCC_PREPROCESSOR_DEFINITIONS = (
					"DEBUG=1",
					"$(inherited)",
				);
				GCC_WARN_64_TO_32_BIT_CONVERSION = YES;
				GCC_WARN_ABOUT_RETURN_TYPE = YES_ERROR;
				GCC_WARN_UNDECLARED_SELECTOR = YES;
				GCC_WARN_UNINITIALIZED_AUTOS = YES_AGGRESSIVE;
				GCC_WARN_UNUSED_FUNCTION = YES;
				GCC_WARN_UNUSED_VARIABLE = YES;
				IPHONEOS_DEPLOYMENT_TARGET = 13.0;
				MTL_ENABLE_DEBUG_INFO = INCLUDE_SOURCE;
				MTL_FAST_MATH = YES;
				ONLY_ACTIVE_ARCH = YES;
				SDKROOT = iphoneos;
				SWIFT_ACTIVE_COMPILATION_CONDITIONS = DEBUG;
				SWIFT_OPTIMIZATION_LEVEL = "-Onone";
			};
			name = Debug;
		};
		8E75C6CF22D28C9A00F20011 /* Release */ = {
			isa = XCBuildConfiguration;
			buildSettings = {
				ALWAYS_SEARCH_USER_PATHS = NO;
				CLANG_ANALYZER_NONNULL = YES;
				CLANG_ANALYZER_NUMBER_OBJECT_CONVERSION = YES_AGGRESSIVE;
				CLANG_CXX_LANGUAGE_STANDARD = "gnu++14";
				CLANG_CXX_LIBRARY = "libc++";
				CLANG_ENABLE_MODULES = YES;
				CLANG_ENABLE_OBJC_ARC = YES;
				CLANG_ENABLE_OBJC_WEAK = YES;
				CLANG_WARN_BLOCK_CAPTURE_AUTORELEASING = YES;
				CLANG_WARN_BOOL_CONVERSION = YES;
				CLANG_WARN_COMMA = YES;
				CLANG_WARN_CONSTANT_CONVERSION = YES;
				CLANG_WARN_DEPRECATED_OBJC_IMPLEMENTATIONS = YES;
				CLANG_WARN_DIRECT_OBJC_ISA_USAGE = YES_ERROR;
				CLANG_WARN_DOCUMENTATION_COMMENTS = YES;
				CLANG_WARN_EMPTY_BODY = YES;
				CLANG_WARN_ENUM_CONVERSION = YES;
				CLANG_WARN_INFINITE_RECURSION = YES;
				CLANG_WARN_INT_CONVERSION = YES;
				CLANG_WARN_NON_LITERAL_NULL_CONVERSION = YES;
				CLANG_WARN_OBJC_IMPLICIT_RETAIN_SELF = YES;
				CLANG_WARN_OBJC_LITERAL_CONVERSION = YES;
				CLANG_WARN_OBJC_ROOT_CLASS = YES_ERROR;
				CLANG_WARN_RANGE_LOOP_ANALYSIS = YES;
				CLANG_WARN_STRICT_PROTOTYPES = YES;
				CLANG_WARN_SUSPICIOUS_MOVE = YES;
				CLANG_WARN_UNGUARDED_AVAILABILITY = YES_AGGRESSIVE;
				CLANG_WARN_UNREACHABLE_CODE = YES;
				CLANG_WARN__DUPLICATE_METHOD_MATCH = YES;
				COPY_PHASE_STRIP = NO;
				DEBUG_INFORMATION_FORMAT = "dwarf-with-dsym";
				ENABLE_NS_ASSERTIONS = NO;
				ENABLE_STRICT_OBJC_MSGSEND = YES;
				GCC_C_LANGUAGE_STANDARD = gnu11;
				GCC_NO_COMMON_BLOCKS = YES;
				GCC_WARN_64_TO_32_BIT_CONVERSION = YES;
				GCC_WARN_ABOUT_RETURN_TYPE = YES_ERROR;
				GCC_WARN_UNDECLARED_SELECTOR = YES;
				GCC_WARN_UNINITIALIZED_AUTOS = YES_AGGRESSIVE;
				GCC_WARN_UNUSED_FUNCTION = YES;
				GCC_WARN_UNUSED_VARIABLE = YES;
				IPHONEOS_DEPLOYMENT_TARGET = 13.0;
				MTL_ENABLE_DEBUG_INFO = NO;
				MTL_FAST_MATH = YES;
				SDKROOT = iphoneos;
				SWIFT_COMPILATION_MODE = wholemodule;
				SWIFT_OPTIMIZATION_LEVEL = "-O";
				VALIDATE_PRODUCT = YES;
			};
			name = Release;
		};
		8E75C6D122D28C9A00F20011 /* Debug */ = {
			isa = XCBuildConfiguration;
			buildSettings = {
				ASSETCATALOG_COMPILER_APPICON_NAME = AppIcon;
				CODE_SIGN_STYLE = Automatic;
				DEVELOPMENT_ASSET_PATHS = "BookLibrary/Preview\\ Content";
				DEVELOPMENT_TEAM = 9SXMCCRGJ3;
				ENABLE_PREVIEWS = YES;
				INFOPLIST_FILE = BookLibrary/Info.plist;
				LD_RUNPATH_SEARCH_PATHS = (
					"$(inherited)",
					"@executable_path/Frameworks",
				);
				PRODUCT_BUNDLE_IDENTIFIER = com.thibaultklein.BookLibrary;
				PRODUCT_NAME = "$(TARGET_NAME)";
				SWIFT_VERSION = 5.0;
				TARGETED_DEVICE_FAMILY = "1,2";
			};
			name = Debug;
		};
		8E75C6D222D28C9A00F20011 /* Release */ = {
			isa = XCBuildConfiguration;
			buildSettings = {
				ASSETCATALOG_COMPILER_APPICON_NAME = AppIcon;
				CODE_SIGN_STYLE = Automatic;
				DEVELOPMENT_ASSET_PATHS = "BookLibrary/Preview\\ Content";
				DEVELOPMENT_TEAM = 9SXMCCRGJ3;
				ENABLE_PREVIEWS = YES;
				INFOPLIST_FILE = BookLibrary/Info.plist;
				LD_RUNPATH_SEARCH_PATHS = (
					"$(inherited)",
					"@executable_path/Frameworks",
				);
				PRODUCT_BUNDLE_IDENTIFIER = com.thibaultklein.BookLibrary;
				PRODUCT_NAME = "$(TARGET_NAME)";
				SWIFT_VERSION = 5.0;
				TARGETED_DEVICE_FAMILY = "1,2";
			};
			name = Release;
		};
		8E75C6D422D28C9A00F20011 /* Debug */ = {
			isa = XCBuildConfiguration;
			buildSettings = {
				ALWAYS_EMBED_SWIFT_STANDARD_LIBRARIES = YES;
				BUNDLE_LOADER = "$(TEST_HOST)";
				CODE_SIGN_STYLE = Automatic;
				DEVELOPMENT_TEAM = 9SXMCCRGJ3;
				INFOPLIST_FILE = BookLibraryTests/Info.plist;
				LD_RUNPATH_SEARCH_PATHS = (
					"$(inherited)",
					"@executable_path/Frameworks",
					"@loader_path/Frameworks",
				);
				PRODUCT_BUNDLE_IDENTIFIER = com.thibaultklein.BookLibraryTests;
				PRODUCT_NAME = "$(TARGET_NAME)";
				SWIFT_VERSION = 5.0;
				TARGETED_DEVICE_FAMILY = "1,2";
				TEST_HOST = "$(BUILT_PRODUCTS_DIR)/BookLibrary.app/BookLibrary";
			};
			name = Debug;
		};
		8E75C6D522D28C9A00F20011 /* Release */ = {
			isa = XCBuildConfiguration;
			buildSettings = {
				ALWAYS_EMBED_SWIFT_STANDARD_LIBRARIES = YES;
				BUNDLE_LOADER = "$(TEST_HOST)";
				CODE_SIGN_STYLE = Automatic;
				DEVELOPMENT_TEAM = 9SXMCCRGJ3;
				INFOPLIST_FILE = BookLibraryTests/Info.plist;
				LD_RUNPATH_SEARCH_PATHS = (
					"$(inherited)",
					"@executable_path/Frameworks",
					"@loader_path/Frameworks",
				);
				PRODUCT_BUNDLE_IDENTIFIER = com.thibaultklein.BookLibraryTests;
				PRODUCT_NAME = "$(TARGET_NAME)";
				SWIFT_VERSION = 5.0;
				TARGETED_DEVICE_FAMILY = "1,2";
				TEST_HOST = "$(BUILT_PRODUCTS_DIR)/BookLibrary.app/BookLibrary";
			};
			name = Release;
		};
/* End XCBuildConfiguration section */

/* Begin XCConfigurationList section */
		8E75C6AC22D28C9500F20011 /* Build configuration list for PBXProject "BookLibrary" */ = {
			isa = XCConfigurationList;
			buildConfigurations = (
				8E75C6CE22D28C9A00F20011 /* Debug */,
				8E75C6CF22D28C9A00F20011 /* Release */,
			);
			defaultConfigurationIsVisible = 0;
			defaultConfigurationName = Release;
		};
		8E75C6D022D28C9A00F20011 /* Build configuration list for PBXNativeTarget "BookLibrary" */ = {
			isa = XCConfigurationList;
			buildConfigurations = (
				8E75C6D122D28C9A00F20011 /* Debug */,
				8E75C6D222D28C9A00F20011 /* Release */,
			);
			defaultConfigurationIsVisible = 0;
			defaultConfigurationName = Release;
		};
		8E75C6D322D28C9A00F20011 /* Build configuration list for PBXNativeTarget "BookLibraryTests" */ = {
			isa = XCConfigurationList;
			buildConfigurations = (
				8E75C6D422D28C9A00F20011 /* Debug */,
				8E75C6D522D28C9A00F20011 /* Release */,
			);
			defaultConfigurationIsVisible = 0;
			defaultConfigurationName = Release;
		};
/* End XCConfigurationList section */
	};
	rootObject = 8E75C6A922D28C9500F20011 /* Project object */;
}
